{
    "requires": true,
    "lockfileVersion": 1,
    "dependencies": {
        "@vitejs/plugin-vue": {
            "version": "3.0.3",
            "resolved": "https://registry.npmjs.org/@vitejs/plugin-vue/-/plugin-vue-3.0.3.tgz",
            "integrity": "sha512-U4zNBlz9mg+TA+i+5QPc3N5lQvdUXENZLO2h0Wdzp56gI1MWhqJOv+6R+d4kOzoaSSq6TnGPBdZAXKOe4lXy6g==",
            "dev": true
        }
    }
}
